
Microsoft Visual Studio Solution File, Format Version 12.00
# Visual Studio 2013
VisualStudioVersion = 12.0.31101.0
MinimumVisualStudioVersion = 10.0.40219.1
Project("{FAE04EC0-301F-11D3-BF4B-00C04F79EFBC}") = "Recipes.Mvc", "Recipes.Mvc\Recipes.Mvc.csproj", "{6C15E40F-4A03-4E0B-B6F8-4AAB99C40664}"
EndProject
Project("{FAE04EC0-301F-11D3-BF4B-00C04F79EFBC}") = "Recipes.Mvc.Test", "Recipes.Mvc.Test\Recipes.Mvc.Test.csproj", "{8A56EE08-3167-4C68-9B9C-C63AD78F4B33}"
EndProject
Global
	GlobalSection(SolutionConfigurationPlatforms) = preSolution
		Debug|Any CPU = Debug|Any CPU
		Release|Any CPU = Release|Any CPU
	EndGlobalSection
	GlobalSection(ProjectConfigurationPlatforms) = postSolution
		{6C15E40F-4A03-4E0B-B6F8-4AAB99C40664}.Debug|Any CPU.ActiveCfg = Debug|Any CPU
		{6C15E40F-4A03-4E0B-B6F8-4AAB99C40664}.Debug|Any CPU.Build.0 = Debug|Any CPU
		{6C15E40F-4A03-4E0B-B6F8-4AAB99C40664}.Release|Any CPU.ActiveCfg = Release|Any CPU
		{6C15E40F-4A03-4E0B-B6F8-4AAB99C40664}.Release|Any CPU.Build.0 = Release|Any CPU
		{8A56EE08-3167-4C68-9B9C-C63AD78F4B33}.Debug|Any CPU.ActiveCfg = Debug|Any CPU
		{8A56EE08-3167-4C68-9B9C-C63AD78F4B33}.Debug|Any CPU.Build.0 = Debug|Any CPU
		{8A56EE08-3167-4C68-9B9C-C63AD78F4B33}.Release|Any CPU.ActiveCfg = Release|Any CPU
		{8A56EE08-3167-4C68-9B9C-C63AD78F4B33}.Release|Any CPU.Build.0 = Release|Any CPU
	EndGlobalSection
	GlobalSection(SolutionProperties) = preSolution
		HideSolutionNode = FALSE
	EndGlobalSection
EndGlobal
